// !$*UTF8*$!
{
	archiveVersion = 1;
	classes = {
	};
	objectVersion = 50;
	objects = {

/* Begin PBXFileReference section */
		833D1DA5263EC79F00413239 /* ColorPickerMacOS.swift */ = {isa = PBXFileReference; lastKnownFileType = sourcecode.swift; path = ColorPickerMacOS.swift; sourceTree = "<group>"; };
		833D1DA6263EC7C800413239 /* ColorPickerMacOS.m */ = {isa = PBXFileReference; lastKnownFileType = sourcecode.c.objc; path = ColorPickerMacOS.m; sourceTree = "<group>"; };
		833D1DA7263EC81800413239 /* ColorPickerMacOS-Bridging-Header.h */ = {isa = PBXFileReference; lastKnownFileType = sourcecode.c.h; path = "ColorPickerMacOS-Bridging-Header.h"; sourceTree = "<group>"; };
/* End PBXFileReference section */

/* Begin PBXGroup section */
		83F7CF9C263EC74C006295F8 = {
			isa = PBXGroup;
			children = (
				833D1DA7263EC81800413239 /* ColorPickerMacOS-Bridging-Header.h */,
				833D1DA6263EC7C800413239 /* ColorPickerMacOS.m */,
				833D1DA5263EC79F00413239 /* ColorPickerMacOS.swift */,
			);
			sourceTree = "<group>";
		};
/* End PBXGroup section */

/* Begin PBXProject section */
		83F7CF9D263EC74C006295F8 /* Project object */ = {
			isa = PBXProject;
			attributes = {
				LastUpgradeCheck = 1240;
			};
			buildConfigurationList = 83F7CFA0263EC74C006295F8 /* Build configuration list for PBXProject "ColorPickerMacOS" */;
			compatibilityVersion = "Xcode 9.3";
			developmentRegion = en;
			hasScannedForEncodings = 0;
			knownRegions = (
				en,
				Base,
			);
			mainGroup = 83F7CF9C263EC74C006295F8;
			projectDirPath = "";
			projectRoot = "";
			targets = (
			);
		};
/* End PBXProject section */

/* Begin XCBuildConfiguration section */
		83F7CFA1263EC74C006295F8 /* Debug */ = {
			isa = XCBuildConfiguration;
			buildSettings = {
				HEADER_SEARCH_PATHS = (
					"$(inherited)",
					/Applications/Xcode.app/Contents/Developer/Toolchains/XcodeDefault.xctoolchain/usr/include,
					"$(SRCROOT)/../../../React/**",
					"$(SRCROOT)/../../react-native/React/**",
				);
				LIBRARY_SEARCH_PATHS = "$(inherited)";
				OTHER_LDFLAGS = "-ObjC";
				SKIP_INSTALL = YES;
				SWIFT_OBJC_BRIDGING_HEADER = "ColorPickerIos-Bridging-Header.h";
				SWIFT_OPTIMIZATION_LEVEL = "-Onone";
				SWIFT_VERSION = 5.0;
			};
			name = Debug;
		};
		83F7CFA2263EC74C006295F8 /* Release */ = {
			isa = XCBuildConfiguration;
			buildSettings = {
				HEADER_SEARCH_PATHS = (
					"$(inherited)",
					/Applications/Xcode.app/Contents/Developer/Toolchains/XcodeDefault.xctoolchain/usr/include,
					"$(SRCROOT)/../../../React/**",
					"$(SRCROOT)/../../react-native/React/**",
				);
				LIBRARY_SEARCH_PATHS = "$(inherited)";
				OTHER_LDFLAGS = "-ObjC";
				SKIP_INSTALL = YES;
				SWIFT_OBJC_BRIDGING_HEADER = "ColorPickerIos-Bridging-Header.h";
				SWIFT_VERSION = 5.0;
			};
			name = Release;
		};
/* End XCBuildConfiguration section */

/* Begin XCConfigurationList section */
		83F7CFA0263EC74C006295F8 /* Build configuration list for PBXProject "ColorPickerMacOS" */ = {
			isa = XCConfigurationList;
			buildConfigurations = (
				83F7CFA1263EC74C006295F8 /* Debug */,
				83F7CFA2263EC74C006295F8 /* Release */,
			);
			defaultConfigurationIsVisible = 0;
			defaultConfigurationName = Release;
		};
/* End XCConfigurationList section */
	};
	rootObject = 83F7CF9D263EC74C006295F8 /* Project object */;
}
